{
  "lockfileVersion": 1,
  "configVersion": 1,
  "workspaces": {
    "": {
      "name": "datative",
      "dependencies": {
        "@duckdb/node-api": "^1.5.1-r.1",
        "@sigma/edge-curve": "^3.1.0",
        "graphology": "^0.26.0",
        "graphology-layout": "^0.6.1",
        "graphology-layout-forceatlas2": "^0.10.1",
        "sigma": "^3.0.2",
      },
      "devDependencies": {
        "@types/bun": "latest",
        "typescript": "^5.9.3",
      },
    },
  },
  "packages": {
    "@duckdb/node-api": ["@duckdb/node-api@1.5.1-r.2", "", { "dependencies": { "@duckdb/node-bindings": "1.5.1-r.2" } }, "sha512-WF2CnGcvIix4gik322dKa+pvvOOZ3ZS6I0NplY4RJGGaIKvWIPsg4v3+7o2D2KlpS7SsJyE2c/wXPtuLGSwzyQ=="],

    "@duckdb/node-bindings": ["@duckdb/node-bindings@1.5.1-r.2", "", { "optionalDependencies": { "@duckdb/node-bindings-darwin-arm64": "1.5.1-r.2", "@duckdb/node-bindings-darwin-x64": "1.5.1-r.2", "@duckdb/node-bindings-linux-arm64": "1.5.1-r.2", "@duckdb/node-bindings-linux-x64": "1.5.1-r.2", "@duckdb/node-bindings-win32-arm64": "1.5.1-r.2", "@duckdb/node-bindings-win32-x64": "1.5.1-r.2" } }, "sha512-ifURcVwVEfR7H1LC2X+RQ6AFFI+oQznfzBYb8tOR50gzqAGCbYJy4tsF8jb/1k3L4lMte/pfH9cI8uW6xG7U9Q=="],

    "@duckdb/node-bindings-darwin-arm64": ["@duckdb/node-bindings-darwin-arm64@1.5.1-r.2", "", { "os": "darwin", "cpu": "arm64" }, "sha512-SHvnTwJxp8BYMNxkHZs0RDdWK0fvghsMNtuxOkeMTQTh1AIv/rINWE+X9eIjU6IvlSBps5D2X0l6cbW7butomQ=="],

    "@duckdb/node-bindings-darwin-x64": ["@duckdb/node-bindings-darwin-x64@1.5.1-r.2", "", { "os": "darwin", "cpu": "x64" }, "sha512-D/ofaglTRnhK76gDevO+xfXspprOHa7qwuwIX2Hwvv9Vz3yJt/y/gre3g6miwU4RJZ+hHxzGYTwGsL832cEjbg=="],

    "@duckdb/node-bindings-linux-arm64": ["@duckdb/node-bindings-linux-arm64@1.5.1-r.2", "", { "os": "linux", "cpu": "arm64" }, "sha512-Sf8840uIDwFVw7ALp+eImYlreGRMYhu815t1xvE6L1wiLRkjWJUDECNRLQ/GviORScrOKj5WVvOgZNPAlItgYw=="],

    "@duckdb/node-bindings-linux-x64": ["@duckdb/node-bindings-linux-x64@1.5.1-r.2", "", { "os": "linux", "cpu": "x64" }, "sha512-UN/Mly9S53o2LCnIyH8almwcKejxpdSenjqsLtmf3fOrDkP8KcrDL3ln4MSKEj3fIoJjyvbl1IyVqWKYPBTrLA=="],

    "@duckdb/node-bindings-win32-arm64": ["@duckdb/node-bindings-win32-arm64@1.5.1-r.2", "", { "os": "win32", "cpu": "arm64" }, "sha512-o0R4POcc4ZvYdM3ydCtQDYZRAPPk5d1rZAMgJ85wcZUF8Tf1jP6YDpTrTm1oghXEUtsZ0pwsTuZ8PijYhG2/5Q=="],

    "@duckdb/node-bindings-win32-x64": ["@duckdb/node-bindings-win32-x64@1.5.1-r.2", "", { "os": "win32", "cpu": "x64" }, "sha512-rT9YU/FwWR3XHXDTnEJthEiMemr3GFIvYCuR58nQfPhjv8qnZ4c0sUu6HOkl+fXYNTkDeTzE6//Ydr1BF2ixdA=="],

    "@sigma/edge-curve": ["@sigma/edge-curve@3.1.0", "", { "peerDependencies": { "sigma": ">=3.0.0-beta.10" } }, "sha512-OFWkfAXEsm+X8l1K4K49cC0psB0gQ+gqxKA08HG5piNPdzrDZ5gG9Gza6htZ5AirOVwd/4/uq/gPpD5En+H+3Q=="],

    "@types/bun": ["@types/bun@1.3.10", "", { "dependencies": { "bun-types": "1.3.10" } }, "sha512-0+rlrUrOrTSskibryHbvQkDOWRJwJZqZlxrUs1u4oOoTln8+WIXBPmAuCF35SWB2z4Zl3E84Nl/D0P7803nigQ=="],

    "@types/node": ["@types/node@25.3.3", "", { "dependencies": { "undici-types": "~7.18.0" } }, "sha512-DpzbrH7wIcBaJibpKo9nnSQL0MTRdnWttGyE5haGwK86xgMOkFLp7vEyfQPGLOJh5wNYiJ3V9PmUMDhV9u8kkQ=="],

    "bun-types": ["bun-types@1.3.10", "", { "dependencies": { "@types/node": "*" } }, "sha512-tcpfCCl6XWo6nCVnpcVrxQ+9AYN1iqMIzgrSKYMB/fjLtV2eyAVEg7AxQJuCq/26R6HpKWykQXuSOq/21RYcbg=="],

    "events": ["events@3.3.0", "", {}, "sha512-mQw+2fkQbALzQ7V0MY0IqdnXNOeTtP4r0lN9z7AAawCXgqea7bDii20AYrIBrFd/Hx0M2Ocz6S111CaFkUcb0Q=="],

    "graphology": ["graphology@0.26.0", "", { "dependencies": { "events": "^3.3.0" }, "peerDependencies": { "graphology-types": ">=0.24.0" } }, "sha512-8SSImzgUUYC89Z042s+0r/vMibY7GX/Emz4LDO5e7jYXhuoWfHISPFJYjpRLUSJGq6UQ6xlenvX1p/hJdfXuXg=="],

    "graphology-layout": ["graphology-layout@0.6.1", "", { "dependencies": { "graphology-utils": "^2.3.0", "pandemonium": "^2.4.0" }, "peerDependencies": { "graphology-types": ">=0.19.0" } }, "sha512-m9aMvbd0uDPffUCFPng5ibRkb2pmfNvdKjQWeZrf71RS1aOoat5874+DcyNfMeCT4aQguKC7Lj9eCbqZj/h8Ag=="],

    "graphology-layout-forceatlas2": ["graphology-layout-forceatlas2@0.10.1", "", { "dependencies": { "graphology-utils": "^2.1.0" }, "peerDependencies": { "graphology-types": ">=0.19.0" } }, "sha512-ogzBeF1FvWzjkikrIFwxhlZXvD2+wlY54lqhsrWprcdPjopM2J9HoMweUmIgwaTvY4bUYVimpSsOdvDv1gPRFQ=="],

    "graphology-types": ["graphology-types@0.24.8", "", {}, "sha512-hDRKYXa8TsoZHjgEaysSRyPdT6uB78Ci8WnjgbStlQysz7xR52PInxNsmnB7IBOM1BhikxkNyCVEFgmPKnpx3Q=="],

    "graphology-utils": ["graphology-utils@2.5.2", "", { "peerDependencies": { "graphology-types": ">=0.23.0" } }, "sha512-ckHg8MXrXJkOARk56ZaSCM1g1Wihe2d6iTmz1enGOz4W/l831MBCKSayeFQfowgF8wd+PQ4rlch/56Vs/VZLDQ=="],

    "mnemonist": ["mnemonist@0.39.8", "", { "dependencies": { "obliterator": "^2.0.1" } }, "sha512-vyWo2K3fjrUw8YeeZ1zF0fy6Mu59RHokURlld8ymdUPjMlD9EC9ov1/YPqTgqRvUN9nTr3Gqfz29LYAmu0PHPQ=="],

    "obliterator": ["obliterator@2.0.5", "", {}, "sha512-42CPE9AhahZRsMNslczq0ctAEtqk8Eka26QofnqC346BZdHDySk3LWka23LI7ULIw11NmltpiLagIq8gBozxTw=="],

    "pandemonium": ["pandemonium@2.4.1", "", { "dependencies": { "mnemonist": "^0.39.2" } }, "sha512-wRqjisUyiUfXowgm7MFH2rwJzKIr20rca5FsHXCMNm1W5YPP1hCtrZfgmQ62kP7OZ7Xt+cR858aB28lu5NX55g=="],

    "sigma": ["sigma@3.0.2", "", { "dependencies": { "events": "^3.3.0", "graphology-utils": "^2.5.2" } }, "sha512-/BUbeOwPGruiBOm0YQQ6ZMcLIZ6tf/W+Jcm7dxZyAX0tK3WP9/sq7/NAWBxPIxVahdGjCJoGwej0Gdrv0DxlQQ=="],

    "typescript": ["typescript@5.9.3", "", { "bin": { "tsc": "bin/tsc", "tsserver": "bin/tsserver" } }, "sha512-jl1vZzPDinLr9eUt3J/t7V6FgNEw9QjvBPdysz9KfQDD41fQrC2Y4vKQdiaUpFT4bXlb1RHhLpp8wtm6M5TgSw=="],

    "undici-types": ["undici-types@7.18.2", "", {}, "sha512-AsuCzffGHJybSaRrmr5eHr81mwJU3kjw6M+uprWvCXiNeN9SOGwQ3Jn8jb8m3Z6izVgknn1R0FTCEAP2QrLY/w=="],
  }
}
